<Solution>
  <Folder Name="/docs/" />
  <Folder Name="/solution files/">
    <File Path=".gitignore" />
    <File Path="Directory.Build.props" />
    <File Path="Directory.Packages.props" />
    <File Path="LICENSE" />
    <File Path="README.md" />
  </Folder>
  <Folder Name="/src/">
    <Project Path="src/Unions/Unions.csproj" />
  </Folder>
  <Folder Name="/tests/" />
  <Folder Name="/workflows/">
    <File Path=".github/workflows/build.yaml" />
  </Folder>
</Solution>
